
Microsoft Visual Studio Solution File, Format Version 12.00
# Visual Studio Version 17
VisualStudioVersion = 17.0.32112.339
MinimumVisualStudioVersion = 10.0.40219.1
Project("{FAE04EC0-301F-11D3-BF4B-00C04F79EFBC}") = "day 4 assignment on facorial using function", "day 4 assignment on facorial using function\day 4 assignment on facorial using function.csproj", "{489D7A8A-9117-419D-99EB-333EA4B75443}"
EndProject
Global
	GlobalSection(SolutionConfigurationPlatforms) = preSolution
		Debug|Any CPU = Debug|Any CPU
		Release|Any CPU = Release|Any CPU
	EndGlobalSection
	GlobalSection(ProjectConfigurationPlatforms) = postSolution
		{489D7A8A-9117-419D-99EB-333EA4B75443}.Debug|Any CPU.ActiveCfg = Debug|Any CPU
		{489D7A8A-9117-419D-99EB-333EA4B75443}.Debug|Any CPU.Build.0 = Debug|Any CPU
		{489D7A8A-9117-419D-99EB-333EA4B75443}.Release|Any CPU.ActiveCfg = Release|Any CPU
		{489D7A8A-9117-419D-99EB-333EA4B75443}.Release|Any CPU.Build.0 = Release|Any CPU
	EndGlobalSection
	GlobalSection(SolutionProperties) = preSolution
		HideSolutionNode = FALSE
	EndGlobalSection
	GlobalSection(ExtensibilityGlobals) = postSolution
		SolutionGuid = {67F0BCBA-260D-41B8-B4B5-5123B148EB49}
	EndGlobalSection
EndGlobal
