
Microsoft Visual Studio Solution File, Format Version 12.00
# Visual Studio Version 17
VisualStudioVersion = 17.0.32112.339
MinimumVisualStudioVersion = 10.0.40219.1
Project("{FAE04EC0-301F-11D3-BF4B-00C04F79EFBC}") = "day3 morning switch case", "day3 morning switch case\day3 morning switch case.csproj", "{A1BCE285-5358-40AB-BB1B-38302AD1BB7A}"
EndProject
Global
	GlobalSection(SolutionConfigurationPlatforms) = preSolution
		Debug|Any CPU = Debug|Any CPU
		Release|Any CPU = Release|Any CPU
	EndGlobalSection
	GlobalSection(ProjectConfigurationPlatforms) = postSolution
		{A1BCE285-5358-40AB-BB1B-38302AD1BB7A}.Debug|Any CPU.ActiveCfg = Debug|Any CPU
		{A1BCE285-5358-40AB-BB1B-38302AD1BB7A}.Debug|Any CPU.Build.0 = Debug|Any CPU
		{A1BCE285-5358-40AB-BB1B-38302AD1BB7A}.Release|Any CPU.ActiveCfg = Release|Any CPU
		{A1BCE285-5358-40AB-BB1B-38302AD1BB7A}.Release|Any CPU.Build.0 = Release|Any CPU
	EndGlobalSection
	GlobalSection(SolutionProperties) = preSolution
		HideSolutionNode = FALSE
	EndGlobalSection
	GlobalSection(ExtensibilityGlobals) = postSolution
		SolutionGuid = {5D3ECE6B-FBEA-4BA5-8F5E-CD19864206BE}
	EndGlobalSection
EndGlobal
