
Microsoft Visual Studio Solution File, Format Version 12.00
# Visual Studio Version 17
VisualStudioVersion = 17.0.32112.339
MinimumVisualStudioVersion = 10.0.40219.1
Project("{FAE04EC0-301F-11D3-BF4B-00C04F79EFBC}") = "day15 project8", "day15 project8\day15 project8.csproj", "{CA7B8E78-304E-4A7A-A54F-31DE7AB3C15B}"
EndProject
Global
	GlobalSection(SolutionConfigurationPlatforms) = preSolution
		Debug|Any CPU = Debug|Any CPU
		Release|Any CPU = Release|Any CPU
	EndGlobalSection
	GlobalSection(ProjectConfigurationPlatforms) = postSolution
		{CA7B8E78-304E-4A7A-A54F-31DE7AB3C15B}.Debug|Any CPU.ActiveCfg = Debug|Any CPU
		{CA7B8E78-304E-4A7A-A54F-31DE7AB3C15B}.Debug|Any CPU.Build.0 = Debug|Any CPU
		{CA7B8E78-304E-4A7A-A54F-31DE7AB3C15B}.Release|Any CPU.ActiveCfg = Release|Any CPU
		{CA7B8E78-304E-4A7A-A54F-31DE7AB3C15B}.Release|Any CPU.Build.0 = Release|Any CPU
	EndGlobalSection
	GlobalSection(SolutionProperties) = preSolution
		HideSolutionNode = FALSE
	EndGlobalSection
	GlobalSection(ExtensibilityGlobals) = postSolution
		SolutionGuid = {5EC6A6B7-58EF-47F1-A732-795D1B9C34E2}
	EndGlobalSection
EndGlobal
