
Microsoft Visual Studio Solution File, Format Version 12.00
# Visual Studio Version 17
VisualStudioVersion = 17.0.32112.339
MinimumVisualStudioVersion = 10.0.40219.1
Project("{FAE04EC0-301F-11D3-BF4B-00C04F79EFBC}") = "day 13 project3", "day 13 project3\day 13 project3.csproj", "{8524998A-5DA6-4DB8-9010-3B589A4796D4}"
EndProject
Global
	GlobalSection(SolutionConfigurationPlatforms) = preSolution
		Debug|Any CPU = Debug|Any CPU
		Release|Any CPU = Release|Any CPU
	EndGlobalSection
	GlobalSection(ProjectConfigurationPlatforms) = postSolution
		{8524998A-5DA6-4DB8-9010-3B589A4796D4}.Debug|Any CPU.ActiveCfg = Debug|Any CPU
		{8524998A-5DA6-4DB8-9010-3B589A4796D4}.Debug|Any CPU.Build.0 = Debug|Any CPU
		{8524998A-5DA6-4DB8-9010-3B589A4796D4}.Release|Any CPU.ActiveCfg = Release|Any CPU
		{8524998A-5DA6-4DB8-9010-3B589A4796D4}.Release|Any CPU.Build.0 = Release|Any CPU
	EndGlobalSection
	GlobalSection(SolutionProperties) = preSolution
		HideSolutionNode = FALSE
	EndGlobalSection
	GlobalSection(ExtensibilityGlobals) = postSolution
		SolutionGuid = {8C017F64-0B10-4EDC-BC84-F0C845B0E2E1}
	EndGlobalSection
EndGlobal
