
Microsoft Visual Studio Solution File, Format Version 12.00
# Visual Studio Version 17
VisualStudioVersion = 17.0.32112.339
MinimumVisualStudioVersion = 10.0.40219.1
Project("{FAE04EC0-301F-11D3-BF4B-00C04F79EFBC}") = "day14 project", "day14 project\day14 project.csproj", "{D7E1F028-06E2-4738-8189-F2DD45E610A2}"
EndProject
Global
	GlobalSection(SolutionConfigurationPlatforms) = preSolution
		Debug|Any CPU = Debug|Any CPU
		Release|Any CPU = Release|Any CPU
	EndGlobalSection
	GlobalSection(ProjectConfigurationPlatforms) = postSolution
		{D7E1F028-06E2-4738-8189-F2DD45E610A2}.Debug|Any CPU.ActiveCfg = Debug|Any CPU
		{D7E1F028-06E2-4738-8189-F2DD45E610A2}.Debug|Any CPU.Build.0 = Debug|Any CPU
		{D7E1F028-06E2-4738-8189-F2DD45E610A2}.Release|Any CPU.ActiveCfg = Release|Any CPU
		{D7E1F028-06E2-4738-8189-F2DD45E610A2}.Release|Any CPU.Build.0 = Release|Any CPU
	EndGlobalSection
	GlobalSection(SolutionProperties) = preSolution
		HideSolutionNode = FALSE
	EndGlobalSection
	GlobalSection(ExtensibilityGlobals) = postSolution
		SolutionGuid = {CE282B0C-2083-41D8-8E08-167EB76643B1}
	EndGlobalSection
EndGlobal
