
Microsoft Visual Studio Solution File, Format Version 12.00
# Visual Studio Version 17
VisualStudioVersion = 17.0.32112.339
MinimumVisualStudioVersion = 10.0.40219.1
Project("{FAE04EC0-301F-11D3-BF4B-00C04F79EFBC}") = "DAY8 ASSIGNMNTS", "DAY8 ASSIGNMNTS\DAY8 ASSIGNMNTS.csproj", "{5B9AD0C9-AFAD-4A95-BBA7-ED79FA539DBF}"
EndProject
Global
	GlobalSection(SolutionConfigurationPlatforms) = preSolution
		Debug|Any CPU = Debug|Any CPU
		Release|Any CPU = Release|Any CPU
	EndGlobalSection
	GlobalSection(ProjectConfigurationPlatforms) = postSolution
		{5B9AD0C9-AFAD-4A95-BBA7-ED79FA539DBF}.Debug|Any CPU.ActiveCfg = Debug|Any CPU
		{5B9AD0C9-AFAD-4A95-BBA7-ED79FA539DBF}.Debug|Any CPU.Build.0 = Debug|Any CPU
		{5B9AD0C9-AFAD-4A95-BBA7-ED79FA539DBF}.Release|Any CPU.ActiveCfg = Release|Any CPU
		{5B9AD0C9-AFAD-4A95-BBA7-ED79FA539DBF}.Release|Any CPU.Build.0 = Release|Any CPU
	EndGlobalSection
	GlobalSection(SolutionProperties) = preSolution
		HideSolutionNode = FALSE
	EndGlobalSection
	GlobalSection(ExtensibilityGlobals) = postSolution
		SolutionGuid = {19499918-C112-4C68-AF5A-627C29D7D02C}
	EndGlobalSection
EndGlobal
