
Microsoft Visual Studio Solution File, Format Version 12.00
# Visual Studio Version 17
VisualStudioVersion = 17.0.32112.339
MinimumVisualStudioVersion = 10.0.40219.1
Project("{FAE04EC0-301F-11D3-BF4B-00C04F79EFBC}") = "day15 project6", "day15 project6\day15 project6.csproj", "{5A819630-6A6F-404A-85D6-4A5D2D5BB48B}"
EndProject
Global
	GlobalSection(SolutionConfigurationPlatforms) = preSolution
		Debug|Any CPU = Debug|Any CPU
		Release|Any CPU = Release|Any CPU
	EndGlobalSection
	GlobalSection(ProjectConfigurationPlatforms) = postSolution
		{5A819630-6A6F-404A-85D6-4A5D2D5BB48B}.Debug|Any CPU.ActiveCfg = Debug|Any CPU
		{5A819630-6A6F-404A-85D6-4A5D2D5BB48B}.Debug|Any CPU.Build.0 = Debug|Any CPU
		{5A819630-6A6F-404A-85D6-4A5D2D5BB48B}.Release|Any CPU.ActiveCfg = Release|Any CPU
		{5A819630-6A6F-404A-85D6-4A5D2D5BB48B}.Release|Any CPU.Build.0 = Release|Any CPU
	EndGlobalSection
	GlobalSection(SolutionProperties) = preSolution
		HideSolutionNode = FALSE
	EndGlobalSection
	GlobalSection(ExtensibilityGlobals) = postSolution
		SolutionGuid = {33991FA2-C126-4F0F-ACCA-7F32E7EA15C3}
	EndGlobalSection
EndGlobal
