
Microsoft Visual Studio Solution File, Format Version 12.00
# Visual Studio Version 17
VisualStudioVersion = 17.0.32112.339
MinimumVisualStudioVersion = 10.0.40219.1
Project("{FAE04EC0-301F-11D3-BF4B-00C04F79EFBC}") = "day8 asignment", "day8 asignment\day8 asignment.csproj", "{A859367C-F285-48D4-991E-36E138B44EAB}"
EndProject
Global
	GlobalSection(SolutionConfigurationPlatforms) = preSolution
		Debug|Any CPU = Debug|Any CPU
		Release|Any CPU = Release|Any CPU
	EndGlobalSection
	GlobalSection(ProjectConfigurationPlatforms) = postSolution
		{A859367C-F285-48D4-991E-36E138B44EAB}.Debug|Any CPU.ActiveCfg = Debug|Any CPU
		{A859367C-F285-48D4-991E-36E138B44EAB}.Debug|Any CPU.Build.0 = Debug|Any CPU
		{A859367C-F285-48D4-991E-36E138B44EAB}.Release|Any CPU.ActiveCfg = Release|Any CPU
		{A859367C-F285-48D4-991E-36E138B44EAB}.Release|Any CPU.Build.0 = Release|Any CPU
	EndGlobalSection
	GlobalSection(SolutionProperties) = preSolution
		HideSolutionNode = FALSE
	EndGlobalSection
	GlobalSection(ExtensibilityGlobals) = postSolution
		SolutionGuid = {2C5D819D-D92E-4094-AD2F-367240CC8B1C}
	EndGlobalSection
EndGlobal
