
Microsoft Visual Studio Solution File, Format Version 12.00
# Visual Studio Version 17
VisualStudioVersion = 17.0.32112.339
MinimumVisualStudioVersion = 10.0.40219.1
Project("{FAE04EC0-301F-11D3-BF4B-00C04F79EFBC}") = "assaignment on encapsulation", "assaignment on encapsulation\assaignment on encapsulation.csproj", "{79408219-99AB-4890-8DF0-AD0DBB22D7BB}"
EndProject
Global
	GlobalSection(SolutionConfigurationPlatforms) = preSolution
		Debug|Any CPU = Debug|Any CPU
		Release|Any CPU = Release|Any CPU
	EndGlobalSection
	GlobalSection(ProjectConfigurationPlatforms) = postSolution
		{79408219-99AB-4890-8DF0-AD0DBB22D7BB}.Debug|Any CPU.ActiveCfg = Debug|Any CPU
		{79408219-99AB-4890-8DF0-AD0DBB22D7BB}.Debug|Any CPU.Build.0 = Debug|Any CPU
		{79408219-99AB-4890-8DF0-AD0DBB22D7BB}.Release|Any CPU.ActiveCfg = Release|Any CPU
		{79408219-99AB-4890-8DF0-AD0DBB22D7BB}.Release|Any CPU.Build.0 = Release|Any CPU
	EndGlobalSection
	GlobalSection(SolutionProperties) = preSolution
		HideSolutionNode = FALSE
	EndGlobalSection
	GlobalSection(ExtensibilityGlobals) = postSolution
		SolutionGuid = {55E32494-5F73-4D86-9521-CC733F5AADAF}
	EndGlobalSection
EndGlobal
