
Microsoft Visual Studio Solution File, Format Version 12.00
# Visual Studio Version 17
VisualStudioVersion = 17.0.32112.339
MinimumVisualStudioVersion = 10.0.40219.1
Project("{FAE04EC0-301F-11D3-BF4B-00C04F79EFBC}") = "day9 project3", "day9 project3\day9 project3.csproj", "{2695E286-FF0F-46F6-B6F9-16C5CC68F974}"
EndProject
Global
	GlobalSection(SolutionConfigurationPlatforms) = preSolution
		Debug|Any CPU = Debug|Any CPU
		Release|Any CPU = Release|Any CPU
	EndGlobalSection
	GlobalSection(ProjectConfigurationPlatforms) = postSolution
		{2695E286-FF0F-46F6-B6F9-16C5CC68F974}.Debug|Any CPU.ActiveCfg = Debug|Any CPU
		{2695E286-FF0F-46F6-B6F9-16C5CC68F974}.Debug|Any CPU.Build.0 = Debug|Any CPU
		{2695E286-FF0F-46F6-B6F9-16C5CC68F974}.Release|Any CPU.ActiveCfg = Release|Any CPU
		{2695E286-FF0F-46F6-B6F9-16C5CC68F974}.Release|Any CPU.Build.0 = Release|Any CPU
	EndGlobalSection
	GlobalSection(SolutionProperties) = preSolution
		HideSolutionNode = FALSE
	EndGlobalSection
	GlobalSection(ExtensibilityGlobals) = postSolution
		SolutionGuid = {041A6C94-78EE-48FA-81E3-1D7024125E47}
	EndGlobalSection
EndGlobal
