
Microsoft Visual Studio Solution File, Format Version 12.00
# Visual Studio Version 17
VisualStudioVersion = 17.0.32112.339
MinimumVisualStudioVersion = 10.0.40219.1
Project("{FAE04EC0-301F-11D3-BF4B-00C04F79EFBC}") = "day15 project12", "day15 project12\day15 project12.csproj", "{2ADA8D41-25B4-4BFC-91FF-63A6A528A3CB}"
EndProject
Global
	GlobalSection(SolutionConfigurationPlatforms) = preSolution
		Debug|Any CPU = Debug|Any CPU
		Release|Any CPU = Release|Any CPU
	EndGlobalSection
	GlobalSection(ProjectConfigurationPlatforms) = postSolution
		{2ADA8D41-25B4-4BFC-91FF-63A6A528A3CB}.Debug|Any CPU.ActiveCfg = Debug|Any CPU
		{2ADA8D41-25B4-4BFC-91FF-63A6A528A3CB}.Debug|Any CPU.Build.0 = Debug|Any CPU
		{2ADA8D41-25B4-4BFC-91FF-63A6A528A3CB}.Release|Any CPU.ActiveCfg = Release|Any CPU
		{2ADA8D41-25B4-4BFC-91FF-63A6A528A3CB}.Release|Any CPU.Build.0 = Release|Any CPU
	EndGlobalSection
	GlobalSection(SolutionProperties) = preSolution
		HideSolutionNode = FALSE
	EndGlobalSection
	GlobalSection(ExtensibilityGlobals) = postSolution
		SolutionGuid = {CDDF7A0D-4709-4113-AF58-ADD526D6E558}
	EndGlobalSection
EndGlobal
