
Microsoft Visual Studio Solution File, Format Version 12.00
# Visual Studio Version 17
VisualStudioVersion = 17.0.32112.339
MinimumVisualStudioVersion = 10.0.40219.1
Project("{FAE04EC0-301F-11D3-BF4B-00C04F79EFBC}") = "day7 morning assignments", "day7 morning assignments\day7 morning assignments.csproj", "{26E956FE-FC40-4E03-B1BD-1EA4C56B67B5}"
EndProject
Global
	GlobalSection(SolutionConfigurationPlatforms) = preSolution
		Debug|Any CPU = Debug|Any CPU
		Release|Any CPU = Release|Any CPU
	EndGlobalSection
	GlobalSection(ProjectConfigurationPlatforms) = postSolution
		{26E956FE-FC40-4E03-B1BD-1EA4C56B67B5}.Debug|Any CPU.ActiveCfg = Debug|Any CPU
		{26E956FE-FC40-4E03-B1BD-1EA4C56B67B5}.Debug|Any CPU.Build.0 = Debug|Any CPU
		{26E956FE-FC40-4E03-B1BD-1EA4C56B67B5}.Release|Any CPU.ActiveCfg = Release|Any CPU
		{26E956FE-FC40-4E03-B1BD-1EA4C56B67B5}.Release|Any CPU.Build.0 = Release|Any CPU
	EndGlobalSection
	GlobalSection(SolutionProperties) = preSolution
		HideSolutionNode = FALSE
	EndGlobalSection
	GlobalSection(ExtensibilityGlobals) = postSolution
		SolutionGuid = {E08E15D0-BCD6-4BDC-A3DA-52B195D6DDEA}
	EndGlobalSection
EndGlobal
