
Microsoft Visual Studio Solution File, Format Version 12.00
# Visual Studio Version 17
VisualStudioVersion = 17.0.32112.339
MinimumVisualStudioVersion = 10.0.40219.1
Project("{FAE04EC0-301F-11D3-BF4B-00C04F79EFBC}") = "day11 morning assignmentid name salary", "day11 morning assignmentid name salary\day11 morning assignmentid name salary.csproj", "{40290258-B0AB-4E71-85C0-EE5BB735F886}"
EndProject
Global
	GlobalSection(SolutionConfigurationPlatforms) = preSolution
		Debug|Any CPU = Debug|Any CPU
		Release|Any CPU = Release|Any CPU
	EndGlobalSection
	GlobalSection(ProjectConfigurationPlatforms) = postSolution
		{40290258-B0AB-4E71-85C0-EE5BB735F886}.Debug|Any CPU.ActiveCfg = Debug|Any CPU
		{40290258-B0AB-4E71-85C0-EE5BB735F886}.Debug|Any CPU.Build.0 = Debug|Any CPU
		{40290258-B0AB-4E71-85C0-EE5BB735F886}.Release|Any CPU.ActiveCfg = Release|Any CPU
		{40290258-B0AB-4E71-85C0-EE5BB735F886}.Release|Any CPU.Build.0 = Release|Any CPU
	EndGlobalSection
	GlobalSection(SolutionProperties) = preSolution
		HideSolutionNode = FALSE
	EndGlobalSection
	GlobalSection(ExtensibilityGlobals) = postSolution
		SolutionGuid = {EFBFB82A-CC22-42B1-8EC3-28D216E1FA07}
	EndGlobalSection
EndGlobal
