
Microsoft Visual Studio Solution File, Format Version 12.00
# Visual Studio Version 17
VisualStudioVersion = 17.0.32112.339
MinimumVisualStudioVersion = 10.0.40219.1
Project("{FAE04EC0-301F-11D3-BF4B-00C04F79EFBC}") = "DAY4  factorial of a number using recursion", "DAY4  factorial of a number using recursion\DAY4  factorial of a number using recursion.csproj", "{7096A3C8-EEF4-48E6-BB6A-58DF57F4A0DC}"
EndProject
Global
	GlobalSection(SolutionConfigurationPlatforms) = preSolution
		Debug|Any CPU = Debug|Any CPU
		Release|Any CPU = Release|Any CPU
	EndGlobalSection
	GlobalSection(ProjectConfigurationPlatforms) = postSolution
		{7096A3C8-EEF4-48E6-BB6A-58DF57F4A0DC}.Debug|Any CPU.ActiveCfg = Debug|Any CPU
		{7096A3C8-EEF4-48E6-BB6A-58DF57F4A0DC}.Debug|Any CPU.Build.0 = Debug|Any CPU
		{7096A3C8-EEF4-48E6-BB6A-58DF57F4A0DC}.Release|Any CPU.ActiveCfg = Release|Any CPU
		{7096A3C8-EEF4-48E6-BB6A-58DF57F4A0DC}.Release|Any CPU.Build.0 = Release|Any CPU
	EndGlobalSection
	GlobalSection(SolutionProperties) = preSolution
		HideSolutionNode = FALSE
	EndGlobalSection
	GlobalSection(ExtensibilityGlobals) = postSolution
		SolutionGuid = {0BAC6336-C796-4743-A564-73E8290C8F6E}
	EndGlobalSection
EndGlobal
