
Microsoft Visual Studio Solution File, Format Version 12.00
# Visual Studio Version 17
VisualStudioVersion = 17.0.32112.339
MinimumVisualStudioVersion = 10.0.40219.1
Project("{FAE04EC0-301F-11D3-BF4B-00C04F79EFBC}") = "day3 morning sum for each loop", "day3 morning sum for each loop\day3 morning sum for each loop.csproj", "{55515AA6-1175-4F6C-A685-27352F75EA52}"
EndProject
Global
	GlobalSection(SolutionConfigurationPlatforms) = preSolution
		Debug|Any CPU = Debug|Any CPU
		Release|Any CPU = Release|Any CPU
	EndGlobalSection
	GlobalSection(ProjectConfigurationPlatforms) = postSolution
		{55515AA6-1175-4F6C-A685-27352F75EA52}.Debug|Any CPU.ActiveCfg = Debug|Any CPU
		{55515AA6-1175-4F6C-A685-27352F75EA52}.Debug|Any CPU.Build.0 = Debug|Any CPU
		{55515AA6-1175-4F6C-A685-27352F75EA52}.Release|Any CPU.ActiveCfg = Release|Any CPU
		{55515AA6-1175-4F6C-A685-27352F75EA52}.Release|Any CPU.Build.0 = Release|Any CPU
	EndGlobalSection
	GlobalSection(SolutionProperties) = preSolution
		HideSolutionNode = FALSE
	EndGlobalSection
	GlobalSection(ExtensibilityGlobals) = postSolution
		SolutionGuid = {B1313E85-274B-4CDD-BDC8-25DB8C6BABCB}
	EndGlobalSection
EndGlobal
