
Microsoft Visual Studio Solution File, Format Version 12.00
# Visual Studio Version 17
VisualStudioVersion = 17.0.32112.339
MinimumVisualStudioVersion = 10.0.40219.1
Project("{FAE04EC0-301F-11D3-BF4B-00C04F79EFBC}") = "day 6 morning assignment", "day 6 morning assignment\day 6 morning assignment.csproj", "{A059F45F-83E2-419A-BB5B-31326E0CD150}"
EndProject
Global
	GlobalSection(SolutionConfigurationPlatforms) = preSolution
		Debug|Any CPU = Debug|Any CPU
		Release|Any CPU = Release|Any CPU
	EndGlobalSection
	GlobalSection(ProjectConfigurationPlatforms) = postSolution
		{A059F45F-83E2-419A-BB5B-31326E0CD150}.Debug|Any CPU.ActiveCfg = Debug|Any CPU
		{A059F45F-83E2-419A-BB5B-31326E0CD150}.Debug|Any CPU.Build.0 = Debug|Any CPU
		{A059F45F-83E2-419A-BB5B-31326E0CD150}.Release|Any CPU.ActiveCfg = Release|Any CPU
		{A059F45F-83E2-419A-BB5B-31326E0CD150}.Release|Any CPU.Build.0 = Release|Any CPU
	EndGlobalSection
	GlobalSection(SolutionProperties) = preSolution
		HideSolutionNode = FALSE
	EndGlobalSection
	GlobalSection(ExtensibilityGlobals) = postSolution
		SolutionGuid = {419E0F1E-2E4E-48E7-BCDA-8EBE16CA5CE8}
	EndGlobalSection
EndGlobal
