
Microsoft Visual Studio Solution File, Format Version 12.00
# Visual Studio Version 17
VisualStudioVersion = 17.0.32112.339
MinimumVisualStudioVersion = 10.0.40219.1
Project("{FAE04EC0-301F-11D3-BF4B-00C04F79EFBC}") = "day 13 project8", "day 13 project8\day 13 project8.csproj", "{41A09A2E-B5B9-4E4F-9D9E-FEA5F2BD554F}"
EndProject
Global
	GlobalSection(SolutionConfigurationPlatforms) = preSolution
		Debug|Any CPU = Debug|Any CPU
		Release|Any CPU = Release|Any CPU
	EndGlobalSection
	GlobalSection(ProjectConfigurationPlatforms) = postSolution
		{41A09A2E-B5B9-4E4F-9D9E-FEA5F2BD554F}.Debug|Any CPU.ActiveCfg = Debug|Any CPU
		{41A09A2E-B5B9-4E4F-9D9E-FEA5F2BD554F}.Debug|Any CPU.Build.0 = Debug|Any CPU
		{41A09A2E-B5B9-4E4F-9D9E-FEA5F2BD554F}.Release|Any CPU.ActiveCfg = Release|Any CPU
		{41A09A2E-B5B9-4E4F-9D9E-FEA5F2BD554F}.Release|Any CPU.Build.0 = Release|Any CPU
	EndGlobalSection
	GlobalSection(SolutionProperties) = preSolution
		HideSolutionNode = FALSE
	EndGlobalSection
	GlobalSection(ExtensibilityGlobals) = postSolution
		SolutionGuid = {07B3D147-629B-4DFC-9855-0DFC61BCA2EF}
	EndGlobalSection
EndGlobal
