
Microsoft Visual Studio Solution File, Format Version 12.00
# Visual Studio Version 17
VisualStudioVersion = 17.0.32112.339
MinimumVisualStudioVersion = 10.0.40219.1
Project("{FAE04EC0-301F-11D3-BF4B-00C04F79EFBC}") = "day 11 assignments mathematics", "day 11 assignments mathematics\day 11 assignments mathematics.csproj", "{6292AEB7-ABF7-4343-9756-8D54937079B2}"
EndProject
Global
	GlobalSection(SolutionConfigurationPlatforms) = preSolution
		Debug|Any CPU = Debug|Any CPU
		Release|Any CPU = Release|Any CPU
	EndGlobalSection
	GlobalSection(ProjectConfigurationPlatforms) = postSolution
		{6292AEB7-ABF7-4343-9756-8D54937079B2}.Debug|Any CPU.ActiveCfg = Debug|Any CPU
		{6292AEB7-ABF7-4343-9756-8D54937079B2}.Debug|Any CPU.Build.0 = Debug|Any CPU
		{6292AEB7-ABF7-4343-9756-8D54937079B2}.Release|Any CPU.ActiveCfg = Release|Any CPU
		{6292AEB7-ABF7-4343-9756-8D54937079B2}.Release|Any CPU.Build.0 = Release|Any CPU
	EndGlobalSection
	GlobalSection(SolutionProperties) = preSolution
		HideSolutionNode = FALSE
	EndGlobalSection
	GlobalSection(ExtensibilityGlobals) = postSolution
		SolutionGuid = {0F4D32F9-2F13-478B-AFD0-9BBC0E709B69}
	EndGlobalSection
EndGlobal
