
Microsoft Visual Studio Solution File, Format Version 12.00
# Visual Studio Version 17
VisualStudioVersion = 17.0.32112.339
MinimumVisualStudioVersion = 10.0.40219.1
Project("{FAE04EC0-301F-11D3-BF4B-00C04F79EFBC}") = "day4 muplitication c", "day4 muplitication c\day4 muplitication c.csproj", "{E7BF0B7A-DD47-46A9-926A-A06C14BA3942}"
EndProject
Global
	GlobalSection(SolutionConfigurationPlatforms) = preSolution
		Debug|Any CPU = Debug|Any CPU
		Release|Any CPU = Release|Any CPU
	EndGlobalSection
	GlobalSection(ProjectConfigurationPlatforms) = postSolution
		{E7BF0B7A-DD47-46A9-926A-A06C14BA3942}.Debug|Any CPU.ActiveCfg = Debug|Any CPU
		{E7BF0B7A-DD47-46A9-926A-A06C14BA3942}.Debug|Any CPU.Build.0 = Debug|Any CPU
		{E7BF0B7A-DD47-46A9-926A-A06C14BA3942}.Release|Any CPU.ActiveCfg = Release|Any CPU
		{E7BF0B7A-DD47-46A9-926A-A06C14BA3942}.Release|Any CPU.Build.0 = Release|Any CPU
	EndGlobalSection
	GlobalSection(SolutionProperties) = preSolution
		HideSolutionNode = FALSE
	EndGlobalSection
	GlobalSection(ExtensibilityGlobals) = postSolution
		SolutionGuid = {2BBE8ED8-ADB7-4806-8597-268C07523A0B}
	EndGlobalSection
EndGlobal
