
Microsoft Visual Studio Solution File, Format Version 12.00
# Visual Studio Version 17
VisualStudioVersion = 17.0.32112.339
MinimumVisualStudioVersion = 10.0.40219.1
Project("{FAE04EC0-301F-11D3-BF4B-00C04F79EFBC}") = "DAY 4 assignment swapping without variable", "DAY 4 assignment swapping without variable\DAY 4 assignment swapping without variable.csproj", "{B128B6C0-EC1F-4F00-BB04-5D5A502BDBA9}"
EndProject
Global
	GlobalSection(SolutionConfigurationPlatforms) = preSolution
		Debug|Any CPU = Debug|Any CPU
		Release|Any CPU = Release|Any CPU
	EndGlobalSection
	GlobalSection(ProjectConfigurationPlatforms) = postSolution
		{B128B6C0-EC1F-4F00-BB04-5D5A502BDBA9}.Debug|Any CPU.ActiveCfg = Debug|Any CPU
		{B128B6C0-EC1F-4F00-BB04-5D5A502BDBA9}.Debug|Any CPU.Build.0 = Debug|Any CPU
		{B128B6C0-EC1F-4F00-BB04-5D5A502BDBA9}.Release|Any CPU.ActiveCfg = Release|Any CPU
		{B128B6C0-EC1F-4F00-BB04-5D5A502BDBA9}.Release|Any CPU.Build.0 = Release|Any CPU
	EndGlobalSection
	GlobalSection(SolutionProperties) = preSolution
		HideSolutionNode = FALSE
	EndGlobalSection
	GlobalSection(ExtensibilityGlobals) = postSolution
		SolutionGuid = {81CF207F-54B4-45F4-8AA2-44D2CF66899F}
	EndGlobalSection
EndGlobal
