
Microsoft Visual Studio Solution File, Format Version 12.00
# Visual Studio Version 17
VisualStudioVersion = 17.0.32112.339
MinimumVisualStudioVersion = 10.0.40219.1
Project("{FAE04EC0-301F-11D3-BF4B-00C04F79EFBC}") = "day6 assignments", "day6 assignments\day6 assignments.csproj", "{26760AF7-F745-4FF9-99F9-2473D01E41B2}"
EndProject
Global
	GlobalSection(SolutionConfigurationPlatforms) = preSolution
		Debug|Any CPU = Debug|Any CPU
		Release|Any CPU = Release|Any CPU
	EndGlobalSection
	GlobalSection(ProjectConfigurationPlatforms) = postSolution
		{26760AF7-F745-4FF9-99F9-2473D01E41B2}.Debug|Any CPU.ActiveCfg = Debug|Any CPU
		{26760AF7-F745-4FF9-99F9-2473D01E41B2}.Debug|Any CPU.Build.0 = Debug|Any CPU
		{26760AF7-F745-4FF9-99F9-2473D01E41B2}.Release|Any CPU.ActiveCfg = Release|Any CPU
		{26760AF7-F745-4FF9-99F9-2473D01E41B2}.Release|Any CPU.Build.0 = Release|Any CPU
	EndGlobalSection
	GlobalSection(SolutionProperties) = preSolution
		HideSolutionNode = FALSE
	EndGlobalSection
	GlobalSection(ExtensibilityGlobals) = postSolution
		SolutionGuid = {A429ED17-B2AC-485A-B518-DBB224431A32}
	EndGlobalSection
EndGlobal
