
Microsoft Visual Studio Solution File, Format Version 12.00
# Visual Studio Version 17
VisualStudioVersion = 17.0.32112.339
MinimumVisualStudioVersion = 10.0.40219.1
Project("{FAE04EC0-301F-11D3-BF4B-00C04F79EFBC}") = "day 4 assignment on sum of didgits", "day 4 assignment on sum of didgits\day 4 assignment on sum of didgits.csproj", "{B2A42072-4FD5-4B29-8C81-1D578B1CED07}"
EndProject
Global
	GlobalSection(SolutionConfigurationPlatforms) = preSolution
		Debug|Any CPU = Debug|Any CPU
		Release|Any CPU = Release|Any CPU
	EndGlobalSection
	GlobalSection(ProjectConfigurationPlatforms) = postSolution
		{B2A42072-4FD5-4B29-8C81-1D578B1CED07}.Debug|Any CPU.ActiveCfg = Debug|Any CPU
		{B2A42072-4FD5-4B29-8C81-1D578B1CED07}.Debug|Any CPU.Build.0 = Debug|Any CPU
		{B2A42072-4FD5-4B29-8C81-1D578B1CED07}.Release|Any CPU.ActiveCfg = Release|Any CPU
		{B2A42072-4FD5-4B29-8C81-1D578B1CED07}.Release|Any CPU.Build.0 = Release|Any CPU
	EndGlobalSection
	GlobalSection(SolutionProperties) = preSolution
		HideSolutionNode = FALSE
	EndGlobalSection
	GlobalSection(ExtensibilityGlobals) = postSolution
		SolutionGuid = {E75D0B82-0F9E-4966-8AB9-01197D32EE52}
	EndGlobalSection
EndGlobal
